{
  "name": "cqs-uteis",
  "version": "1.2.3.2",
  "lockfileVersion": 1,
  "requires": true,
  "dependencies": {
    "cqs-uteis": {
      "version": "1.2.1",
      "resolved": "https://registry.npmjs.org/cqs-uteis/-/cqs-uteis-1.2.1.tgz",
      "integrity": "sha512-S1LG3Zxl123Ygvhtkvd5VmpnTvZM9Qnd7y/C9PxbauJZeX1T29fU4mhSI4z5nGXCWqs5Q6qVo1QLigjEgicV4g=="
    }
  }
}
